
Microsoft Visual Studio Solution File, Format Version 12.00
# Visual Studio 2012
Project("{FAE04EC0-301F-11D3-BF4B-00C04F79EFBC}") = "TrrntzipDN", "TrrntzipDN\TrrntzipDN.csproj", "{B64E9105-6BC3-4271-8EA8-570E4123112B}"
EndProject
Global
	GlobalSection(SolutionConfigurationPlatforms) = preSolution
		Debug|Any CPU = Debug|Any CPU
		Debug|x86 = Debug|x86
		Release|Any CPU = Release|Any CPU
		Release|x86 = Release|x86
	EndGlobalSection
	GlobalSection(ProjectConfigurationPlatforms) = postSolution
		{B64E9105-6BC3-4271-8EA8-570E4123112B}.Debug|Any CPU.ActiveCfg = Debug|Any CPU
		{B64E9105-6BC3-4271-8EA8-570E4123112B}.Debug|Any CPU.Build.0 = Debug|Any CPU
		{B64E9105-6BC3-4271-8EA8-570E4123112B}.Debug|x86.ActiveCfg = Debug|x86
		{B64E9105-6BC3-4271-8EA8-570E4123112B}.Debug|x86.Build.0 = Debug|x86
		{B64E9105-6BC3-4271-8EA8-570E4123112B}.Release|Any CPU.ActiveCfg = Release|Any CPU
		{B64E9105-6BC3-4271-8EA8-570E4123112B}.Release|Any CPU.Build.0 = Release|Any CPU
		{B64E9105-6BC3-4271-8EA8-570E4123112B}.Release|x86.ActiveCfg = Release|x86
		{B64E9105-6BC3-4271-8EA8-570E4123112B}.Release|x86.Build.0 = Release|x86
	EndGlobalSection
	GlobalSection(SolutionProperties) = preSolution
		HideSolutionNode = FALSE
	EndGlobalSection
EndGlobal
